
Microsoft Visual Studio Solution File, Format Version 12.00
# Visual Studio Version 17
VisualStudioVersion = 17.11.35222.181
MinimumVisualStudioVersion = 10.0.40219.1
Project("{F184B08F-C81C-45F6-A57F-5ABD9991F28F}") = "EXERCISE TWO", "EXERCISE TWO.vbproj", "{B39D56D1-D817-4557-84CD-ADE5711E3F17}"
EndProject
Global
	GlobalSection(SolutionConfigurationPlatforms) = preSolution
		Debug|Any CPU = Debug|Any CPU
		Release|Any CPU = Release|Any CPU
	EndGlobalSection
	GlobalSection(ProjectConfigurationPlatforms) = postSolution
		{B39D56D1-D817-4557-84CD-ADE5711E3F17}.Debug|Any CPU.ActiveCfg = Debug|Any CPU
		{B39D56D1-D817-4557-84CD-ADE5711E3F17}.Debug|Any CPU.Build.0 = Debug|Any CPU
		{B39D56D1-D817-4557-84CD-ADE5711E3F17}.Release|Any CPU.ActiveCfg = Release|Any CPU
		{B39D56D1-D817-4557-84CD-ADE5711E3F17}.Release|Any CPU.Build.0 = Release|Any CPU
	EndGlobalSection
	GlobalSection(SolutionProperties) = preSolution
		HideSolutionNode = FALSE
	EndGlobalSection
	GlobalSection(ExtensibilityGlobals) = postSolution
		SolutionGuid = {E74F55DC-6A69-4656-B429-E7F8E7CBB4B6}
	EndGlobalSection
EndGlobal
